
Microsoft Visual Studio Solution File, Format Version 11.00
# Visual Studio 2010
Project("{FAE04EC0-301F-11D3-BF4B-00C04F79EFBC}") = "Assembly-CSharp", "Assembly-CSharp.csproj", "{013B137D-7302-6D05-13B9-AE4814408B84}"
EndProject
Project("{FAE04EC0-301F-11D3-BF4B-00C04F79EFBC}") = "Assembly-CSharp-Editor", "Assembly-CSharp-Editor.csproj", "{EC563BAF-881F-F9FA-832E-FEB799FF8A38}"
EndProject
Global
	GlobalSection(SolutionConfigurationPlatforms) = preSolution
		Debug|Any CPU = Debug|Any CPU
		Release|Any CPU = Release|Any CPU
	EndGlobalSection
	GlobalSection(ProjectConfigurationPlatforms) = postSolution
		{013B137D-7302-6D05-13B9-AE4814408B84}.Debug|Any CPU.ActiveCfg = Debug|Any CPU
		{013B137D-7302-6D05-13B9-AE4814408B84}.Debug|Any CPU.Build.0 = Debug|Any CPU
		{013B137D-7302-6D05-13B9-AE4814408B84}.Release|Any CPU.ActiveCfg = Release|Any CPU
		{013B137D-7302-6D05-13B9-AE4814408B84}.Release|Any CPU.Build.0 = Release|Any CPU
		{EC563BAF-881F-F9FA-832E-FEB799FF8A38}.Debug|Any CPU.ActiveCfg = Debug|Any CPU
		{EC563BAF-881F-F9FA-832E-FEB799FF8A38}.Debug|Any CPU.Build.0 = Debug|Any CPU
		{EC563BAF-881F-F9FA-832E-FEB799FF8A38}.Release|Any CPU.ActiveCfg = Release|Any CPU
		{EC563BAF-881F-F9FA-832E-FEB799FF8A38}.Release|Any CPU.Build.0 = Release|Any CPU
	EndGlobalSection
	GlobalSection(SolutionProperties) = preSolution
		HideSolutionNode = FALSE
	EndGlobalSection
	GlobalSection(MonoDevelopProperties) = preSolution
		StartupItem = Assembly-CSharp.csproj
	EndGlobalSection
EndGlobal
